// !$*UTF8*$!
{
	archiveVersion = 1;
	classes = {
	};
	objectVersion = 46;
	objects = {

/* Begin PBXGroup section */
		191782B21AE2EDDA004E2BF2 = {
			isa = PBXGroup;
			children = (
			);
			sourceTree = "<group>";
		};
/* End PBXGroup section */

/* Begin PBXProject section */
		191782B31AE2EDDA004E2BF2 /* Project object */ = {
			isa = PBXProject;
			attributes = {
				LastUpgradeCheck = 0620;
			};
			buildConfigurationList = 191782B61AE2EDDA004E2BF2 /* Build configuration list for PBXProject "Hacker Smash" */;
			compatibilityVersion = "Xcode 3.2";
			developmentRegion = English;
			hasScannedForEncodings = 0;
			knownRegions = (
				en,
			);
			mainGroup = 191782B21AE2EDDA004E2BF2;
			projectDirPath = "";
			projectRoot = "";
			targets = (
			);
		};
/* End PBXProject section */

/* Begin XCBuildConfiguration section */
		191782B71AE2EDDA004E2BF2 /* Debug */ = {
			isa = XCBuildConfiguration;
			buildSettings = {
			};
			name = Debug;
		};
		191782B81AE2EDDA004E2BF2 /* Release */ = {
			isa = XCBuildConfiguration;
			buildSettings = {
			};
			name = Release;
		};
/* End XCBuildConfiguration section */

/* Begin XCConfigurationList section */
		191782B61AE2EDDA004E2BF2 /* Build configuration list for PBXProject "Hacker Smash" */ = {
			isa = XCConfigurationList;
			buildConfigurations = (
				191782B71AE2EDDA004E2BF2 /* Debug */,
				191782B81AE2EDDA004E2BF2 /* Release */,
			);
			defaultConfigurationIsVisible = 0;
			defaultConfigurationName = Release;
		};
/* End XCConfigurationList section */
	};
	rootObject = 191782B31AE2EDDA004E2BF2 /* Project object */;
}
